{
  "version": 4,
  "terraform_version": "1.3.4",
  "serial": 143,
  "lineage": "73e2b750-0d55-443d-86e0-e1af60041f59",
  "outputs": {},
  "resources": [
    {
      "mode": "data",
      "type": "aws_availability_zones",
      "name": "all_azs",
      "provider": "provider[\"registry.terraform.io/hashicorp/aws\"]",
      "instances": [
        {
          "schema_version": 0,
          "attributes": {
            "all_availability_zones": null,
            "exclude_names": null,
            "exclude_zone_ids": null,
            "filter": null,
            "group_names": [
              "us-east-1"
            ],
            "id": "us-east-1",
            "names": [
              "us-east-1a",
              "us-east-1b",
              "us-east-1c",
              "us-east-1d",
              "us-east-1e",
              "us-east-1f"
            ],
            "state": "available",
            "timeouts": null,
            "zone_ids": [
              "use1-az2",
              "use1-az4",
              "use1-az6",
              "use1-az1",
              "use1-az3",
              "use1-az5"
            ]
          },
          "sensitive_attributes": []
        }
      ]
    },
    {
      "mode": "managed",
      "type": "aws_autoscaling_group",
      "name": "github_runners_autoscaling_group",
      "provider": "provider[\"registry.terraform.io/hashicorp/aws\"]",
      "instances": [
        {
          "schema_version": 1,
          "attributes": {
            "arn": "arn:aws:autoscaling:us-east-1:967030264854:autoScalingGroup:2e4a0aa0-86d9-4324-909f-673b261da6e8:autoScalingGroupName/github_runners_autoscaling_group",
            "availability_zones": [
              "us-east-1a",
              "us-east-1b",
              "us-east-1c",
              "us-east-1d",
              "us-east-1e",
              "us-east-1f"
            ],
            "capacity_rebalance": false,
            "context": "",
            "default_cooldown": 300,
            "default_instance_warmup": 0,
            "desired_capacity": 1,
            "desired_capacity_type": "",
            "enabled_metrics": [],
            "force_delete": false,
            "force_delete_warm_pool": false,
            "health_check_grace_period": 600,
            "health_check_type": "EC2",
            "id": "github_runners_autoscaling_group",
            "ignore_failed_scaling_activities": false,
            "initial_lifecycle_hook": [],
            "instance_refresh": [],
            "launch_configuration": "",
            "launch_template": [
              {
                "id": "lt-052826768832e66b4",
                "name": "github_runner_launch_template",
                "version": "$Latest"
              }
            ],
            "load_balancers": [],
            "max_instance_lifetime": 0,
            "max_size": 1,
            "metrics_granularity": "1Minute",
            "min_elb_capacity": null,
            "min_size": 1,
            "mixed_instances_policy": [],
            "name": "github_runners_autoscaling_group",
            "name_prefix": "",
            "placement_group": "",
            "predicted_capacity": 0,
            "protect_from_scale_in": false,
            "service_linked_role_arn": "arn:aws:iam::967030264854:role/aws-service-role/autoscaling.amazonaws.com/AWSServiceRoleForAutoScaling",
            "suspended_processes": [],
            "tag": [],
            "target_group_arns": [],
            "termination_policies": [],
            "timeouts": null,
            "traffic_source": [],
            "vpc_zone_identifier": [],
            "wait_for_capacity_timeout": "10m",
            "wait_for_elb_capacity": null,
            "warm_pool": [],
            "warm_pool_size": 0
          },
          "sensitive_attributes": [],
          "private": "eyJlMmJmYjczMC1lY2FhLTExZTYtOGY4OC0zNDM2M2JjN2M0YzAiOnsiZGVsZXRlIjo2MDAwMDAwMDAwMDAsInVwZGF0ZSI6NjAwMDAwMDAwMDAwfSwic2NoZW1hX3ZlcnNpb24iOiIxIn0=",
          "dependencies": [
            "aws_launch_template.ec2_launch_template",
            "data.aws_availability_zones.all_azs"
          ]
        }
      ]
    },
    {
      "mode": "managed",
      "type": "aws_launch_template",
      "name": "ec2_launch_template",
      "provider": "provider[\"registry.terraform.io/hashicorp/aws\"]",
      "instances": [
        {
          "schema_version": 0,
          "attributes": {
            "arn": "arn:aws:ec2:us-east-1:967030264854:launch-template/lt-052826768832e66b4",
            "block_device_mappings": [],
            "capacity_reservation_specification": [],
            "cpu_options": [],
            "credit_specification": [],
            "default_version": 1,
            "description": "Launch Template for GitHub Runners EC2 AutoScaling Group",
            "disable_api_stop": false,
            "disable_api_termination": false,
            "ebs_optimized": "",
            "elastic_gpu_specifications": [],
            "elastic_inference_accelerator": [],
            "enclave_options": [],
            "hibernation_options": [],
            "iam_instance_profile": [],
            "id": "lt-052826768832e66b4",
            "image_id": "ami-01bc990364452ab3e",
            "instance_initiated_shutdown_behavior": "",
            "instance_market_options": [],
            "instance_requirements": [],
            "instance_type": "t2.micro",
            "kernel_id": "",
            "key_name": "",
            "latest_version": 1,
            "license_specification": [],
            "maintenance_options": [],
            "metadata_options": [],
            "monitoring": [],
            "name": "github_runner_launch_template",
            "name_prefix": "",
            "network_interfaces": [],
            "placement": [],
            "private_dns_name_options": [],
            "ram_disk_id": "",
            "security_group_names": [],
            "tag_specifications": [],
            "tags": {
              "Name": "github_runner"
            },
            "tags_all": {
              "Name": "github_runner"
            },
            "update_default_version": null,
            "user_data": "IyEvYmluL2Jhc2gKCiMgSW5zYWxsIHByZS1yZXF1aXNpdGUKeXVtIHVwZGF0ZSAteQpzdWRvIHl1bSBpbnN0YWxsIC15IGxpYmljdQoKIyBJbnN0YWxsIGdpdGh1YiBydW5uZXIgYXBwbGljYXRpb24Kc3VkbyAtdSBlYzItdXNlciBta2RpciAvaG9tZS9lYzItdXNlci9hY3Rpb25zLXJ1bm5lcgpzdWRvIC11IGVjMi11c2VyIGN1cmwgLW8gL2hvbWUvZWMyLXVzZXIvYWN0aW9ucy1ydW5uZXIvYWN0aW9ucy1ydW5uZXItbGludXgteDY0LTIuMzExLjAudGFyLmd6IC1MIGh0dHBzOi8vZ2l0aHViLmNvbS9hY3Rpb25zL3J1bm5lci9yZWxlYXNlcy9kb3dubG9hZC92Mi4zMTEuMC9hY3Rpb25zLXJ1bm5lci1saW51eC14NjQtMi4zMTEuMC50YXIuZ3oKc3VkbyAtdSBlYzItdXNlciB0YXIgeHpmIC9ob21lL2VjMi11c2VyL2FjdGlvbnMtcnVubmVyL2FjdGlvbnMtcnVubmVyLWxpbnV4LXg2NC0yLjMxMS4wLnRhci5neiAtQyAvaG9tZS9lYzItdXNlci9hY3Rpb25zLXJ1bm5lcgpFQzJfSU5TVEFOQ0VfSUQ9JCh3Z2V0IC1xIC1PIC0gaHR0cDovLzE2OS4yNTQuMTY5LjI1NC9sYXRlc3QvbWV0YS1kYXRhL2luc3RhbmNlLWlkKQpzdWRvIC11IGVjMi11c2VyIGJhc2ggLWMgImNkIC9ob21lL2VjMi11c2VyL2FjdGlvbnMtcnVubmVyLzsgLi9jb25maWcuc2ggLS11cmwgaHR0cHM6Ly9naXRodWIuY29tLzQwMTA4MjE3L2dpdC1ydW5uZXItc2VsZi1ob3N0ZWQtYXdzIC0tdG9rZW4gQU9ENE1EVjM3TkEzS0tBUlBFWTJZM0xGSkRBNTYgLS1uYW1lICJ2ZXJ1X3J1bm5lci0ke0VDMl9JTlNUQU5DRV9JRH0iIC0td29yayBfd29yayAtLWxhYmVscyBsYWJlbDEsbGFiZWwyLGxhYmVsMyAtLXJ1bmFzc2VydmljZSIKCgpjZCAvaG9tZS9lYzItdXNlci9hY3Rpb25zLXJ1bm5lci8gJiYgLi9zdmMuc2ggaW5zdGFsbCAmJiAuL3N2Yy5zaCBzdGFydAoKCgoKCg==",
            "vpc_security_group_ids": []
          },
          "sensitive_attributes": [],
          "private": "bnVsbA=="
        }
      ]
    }
  ],
  "check_results": null
}
