{
  "version": 4,
  "terraform_version": "1.3.4",
  "serial": 154,
  "lineage": "73e2b750-0d55-443d-86e0-e1af60041f59",
  "outputs": {},
  "resources": [
    {
      "mode": "data",
      "type": "aws_ami",
      "name": "latest_amazon_linux_2",
      "provider": "provider[\"registry.terraform.io/hashicorp/aws\"]",
      "instances": [
        {
          "schema_version": 0,
          "attributes": {
            "architecture": "x86_64",
            "arn": "arn:aws:ec2:us-east-1::image/ami-05c13eab67c5d8861",
            "block_device_mappings": [
              {
                "device_name": "/dev/xvda",
                "ebs": {
                  "delete_on_termination": "true",
                  "encrypted": "false",
                  "iops": "3000",
                  "snapshot_id": "snap-05a6245e68e6545b5",
                  "throughput": "125",
                  "volume_size": "8",
                  "volume_type": "gp3"
                },
                "no_device": "",
                "virtual_name": ""
              }
            ],
            "boot_mode": "uefi-preferred",
            "creation_date": "2023-11-01T23:07:16.000Z",
            "deprecation_time": "2024-01-30T23:07:00.000Z",
            "description": "Amazon Linux 2023 AMI 2023.2.20231030.1 x86_64 HVM kernel-6.1",
            "ena_support": true,
            "executable_users": null,
            "filter": [
              {
                "name": "name",
                "values": [
                  "al2023-ami-2023.2.*-x86_64"
                ]
              }
            ],
            "hypervisor": "xen",
            "id": "ami-05c13eab67c5d8861",
            "image_id": "ami-05c13eab67c5d8861",
            "image_location": "amazon/al2023-ami-2023.2.20231030.1-kernel-6.1-x86_64",
            "image_owner_alias": "amazon",
            "image_type": "machine",
            "imds_support": "v2.0",
            "include_deprecated": false,
            "kernel_id": "",
            "most_recent": true,
            "name": "al2023-ami-2023.2.20231030.1-kernel-6.1-x86_64",
            "name_regex": null,
            "owner_id": "137112412989",
            "owners": [
              "amazon"
            ],
            "platform": "",
            "platform_details": "Linux/UNIX",
            "product_codes": [],
            "public": true,
            "ramdisk_id": "",
            "root_device_name": "/dev/xvda",
            "root_device_type": "ebs",
            "root_snapshot_id": "snap-05a6245e68e6545b5",
            "sriov_net_support": "simple",
            "state": "available",
            "state_reason": {
              "code": "UNSET",
              "message": "UNSET"
            },
            "tags": {},
            "timeouts": null,
            "tpm_support": "",
            "usage_operation": "RunInstances",
            "virtualization_type": "hvm"
          },
          "sensitive_attributes": []
        }
      ]
    },
    {
      "mode": "data",
      "type": "aws_availability_zones",
      "name": "all_azs",
      "provider": "provider[\"registry.terraform.io/hashicorp/aws\"]",
      "instances": [
        {
          "schema_version": 0,
          "attributes": {
            "all_availability_zones": null,
            "exclude_names": null,
            "exclude_zone_ids": null,
            "filter": null,
            "group_names": [
              "us-east-1"
            ],
            "id": "us-east-1",
            "names": [
              "us-east-1a",
              "us-east-1b",
              "us-east-1c",
              "us-east-1d",
              "us-east-1e",
              "us-east-1f"
            ],
            "state": "available",
            "timeouts": null,
            "zone_ids": [
              "use1-az6",
              "use1-az1",
              "use1-az2",
              "use1-az4",
              "use1-az3",
              "use1-az5"
            ]
          },
          "sensitive_attributes": []
        }
      ]
    },
    {
      "mode": "managed",
      "type": "aws_autoscaling_group",
      "name": "github_runners_autoscaling_group",
      "provider": "provider[\"registry.terraform.io/hashicorp/aws\"]",
      "instances": [
        {
          "schema_version": 1,
          "attributes": {
            "arn": "arn:aws:autoscaling:us-east-1:248652979841:autoScalingGroup:40657171-f5a7-4037-87da-aa66c829e870:autoScalingGroupName/github_runners_autoscaling_group",
            "availability_zones": [
              "us-east-1a",
              "us-east-1b",
              "us-east-1c",
              "us-east-1d",
              "us-east-1e",
              "us-east-1f"
            ],
            "capacity_rebalance": false,
            "context": "",
            "default_cooldown": 300,
            "default_instance_warmup": 0,
            "desired_capacity": 1,
            "desired_capacity_type": "",
            "enabled_metrics": null,
            "force_delete": false,
            "force_delete_warm_pool": false,
            "health_check_grace_period": 600,
            "health_check_type": "EC2",
            "id": "github_runners_autoscaling_group",
            "ignore_failed_scaling_activities": false,
            "initial_lifecycle_hook": [],
            "instance_refresh": [],
            "launch_configuration": "",
            "launch_template": [
              {
                "id": "lt-0ba096e8800497e28",
                "name": "github_runner_launch_template",
                "version": "$Latest"
              }
            ],
            "load_balancers": [],
            "max_instance_lifetime": 0,
            "max_size": 1,
            "metrics_granularity": "1Minute",
            "min_elb_capacity": null,
            "min_size": 1,
            "mixed_instances_policy": [],
            "name": "github_runners_autoscaling_group",
            "name_prefix": "",
            "placement_group": "",
            "predicted_capacity": 0,
            "protect_from_scale_in": false,
            "service_linked_role_arn": "arn:aws:iam::248652979841:role/aws-service-role/autoscaling.amazonaws.com/AWSServiceRoleForAutoScaling",
            "suspended_processes": null,
            "tag": [],
            "target_group_arns": [],
            "termination_policies": null,
            "timeouts": null,
            "traffic_source": [],
            "vpc_zone_identifier": [],
            "wait_for_capacity_timeout": "10m",
            "wait_for_elb_capacity": null,
            "warm_pool": [],
            "warm_pool_size": 0
          },
          "sensitive_attributes": [],
          "private": "eyJlMmJmYjczMC1lY2FhLTExZTYtOGY4OC0zNDM2M2JjN2M0YzAiOnsiZGVsZXRlIjo2MDAwMDAwMDAwMDAsInVwZGF0ZSI6NjAwMDAwMDAwMDAwfSwic2NoZW1hX3ZlcnNpb24iOiIxIn0=",
          "dependencies": [
            "aws_launch_template.ec2_launch_template",
            "data.aws_availability_zones.all_azs"
          ]
        }
      ]
    },
    {
      "mode": "managed",
      "type": "aws_launch_template",
      "name": "ec2_launch_template",
      "provider": "provider[\"registry.terraform.io/hashicorp/aws\"]",
      "instances": [
        {
          "schema_version": 0,
          "attributes": {
            "arn": "arn:aws:ec2:us-east-1:248652979841:launch-template/lt-0ba096e8800497e28",
            "block_device_mappings": [],
            "capacity_reservation_specification": [],
            "cpu_options": [],
            "credit_specification": [],
            "default_version": 1,
            "description": "Launch Template for GitHub Runners EC2 AutoScaling Group",
            "disable_api_stop": false,
            "disable_api_termination": false,
            "ebs_optimized": "",
            "elastic_gpu_specifications": [],
            "elastic_inference_accelerator": [],
            "enclave_options": [],
            "hibernation_options": [],
            "iam_instance_profile": [
              {
                "arn": "",
                "name": "veru-ssm-role"
              }
            ],
            "id": "lt-0ba096e8800497e28",
            "image_id": "ami-01bc990364452ab3e",
            "instance_initiated_shutdown_behavior": "",
            "instance_market_options": [],
            "instance_requirements": [],
            "instance_type": "t2.micro",
            "kernel_id": "",
            "key_name": "",
            "latest_version": 1,
            "license_specification": [],
            "maintenance_options": [],
            "metadata_options": [],
            "monitoring": [],
            "name": "github_runner_launch_template",
            "name_prefix": "",
            "network_interfaces": [],
            "placement": [],
            "private_dns_name_options": [],
            "ram_disk_id": "",
            "security_group_names": null,
            "tag_specifications": [],
            "tags": {
              "Name": "github_runner"
            },
            "tags_all": {
              "Name": "github_runner"
            },
            "update_default_version": null,
            "user_data": "IyEvYmluL2Jhc2gKCiMgSW5zYWxsIHByZS1yZXF1aXNpdGUKeXVtIHVwZGF0ZSAteQpzdWRvIHl1bSBpbnN0YWxsIC15IGxpYmljdQoKIyBJbnN0YWxsIGdpdGh1YiBydW5uZXIgYXBwbGljYXRpb24Kc3VkbyAtdSBlYzItdXNlciBta2RpciAvaG9tZS9lYzItdXNlci9hY3Rpb25zLXJ1bm5lcgpzdWRvIC11IGVjMi11c2VyIGN1cmwgLW8gL2hvbWUvZWMyLXVzZXIvYWN0aW9ucy1ydW5uZXIvYWN0aW9ucy1ydW5uZXItbGludXgteDY0LTIuMzExLjAudGFyLmd6IC1MIGh0dHBzOi8vZ2l0aHViLmNvbS9hY3Rpb25zL3J1bm5lci9yZWxlYXNlcy9kb3dubG9hZC92Mi4zMTEuMC9hY3Rpb25zLXJ1bm5lci1saW51eC14NjQtMi4zMTEuMC50YXIuZ3oKc3VkbyAtdSBlYzItdXNlciB0YXIgeHpmIC9ob21lL2VjMi11c2VyL2FjdGlvbnMtcnVubmVyL2FjdGlvbnMtcnVubmVyLWxpbnV4LXg2NC0yLjMxMS4wLnRhci5neiAtQyAvaG9tZS9lYzItdXNlci9hY3Rpb25zLXJ1bm5lcgpFQzJfSU5TVEFOQ0VfSUQ9JCh3Z2V0IC1xIC1PIC0gaHR0cDovLzE2OS4yNTQuMTY5LjI1NC9sYXRlc3QvbWV0YS1kYXRhL2luc3RhbmNlLWlkKQpzdWRvIC11IGVjMi11c2VyIGJhc2ggLWMgImNkIC9ob21lL2VjMi11c2VyL2FjdGlvbnMtcnVubmVyLzsgLi9jb25maWcuc2ggLS11cmwgaHR0cHM6Ly9naXRodWIuY29tLzQwMTA4MjE3L2dpdC1ydW5uZXItc2VsZi1ob3N0ZWQtYXdzIC0tdG9rZW4gQU9ENE1EUUZLNlE0NjJJTVM1R1dNVURGSkhQWU0gLS1uYW1lICJ2ZXJ1X3J1bm5lci0ke0VDMl9JTlNUQU5DRV9JRH0iIC0td29yayBfd29yayAtLWxhYmVscyBsYWJlbDEsbGFiZWwyLGxhYmVsMyAtLXJ1bmFzc2VydmljZSIKCgpjZCAvaG9tZS9lYzItdXNlci9hY3Rpb25zLXJ1bm5lci8gJiYgLi9zdmMuc2ggaW5zdGFsbCAmJiAuL3N2Yy5zaCBzdGFydAoKCgoKCg==",
            "vpc_security_group_ids": null
          },
          "sensitive_attributes": [],
          "private": "bnVsbA=="
        }
      ]
    }
  ],
  "check_results": null
}
