{
  "version": 4,
  "terraform_version": "1.3.4",
  "serial": 188,
  "lineage": "73e2b750-0d55-443d-86e0-e1af60041f59",
  "outputs": {},
  "resources": [
    {
      "mode": "data",
      "type": "aws_ami",
      "name": "latest_amazon_linux_2",
      "provider": "provider[\"registry.terraform.io/hashicorp/aws\"]",
      "instances": [
        {
          "schema_version": 0,
          "attributes": {
            "architecture": "x86_64",
            "arn": "arn:aws:ec2:us-east-1::image/ami-05c13eab67c5d8861",
            "block_device_mappings": [
              {
                "device_name": "/dev/xvda",
                "ebs": {
                  "delete_on_termination": "true",
                  "encrypted": "false",
                  "iops": "3000",
                  "snapshot_id": "snap-05a6245e68e6545b5",
                  "throughput": "125",
                  "volume_size": "8",
                  "volume_type": "gp3"
                },
                "no_device": "",
                "virtual_name": ""
              }
            ],
            "boot_mode": "uefi-preferred",
            "creation_date": "2023-11-01T23:07:16.000Z",
            "deprecation_time": "2024-01-30T23:07:00.000Z",
            "description": "Amazon Linux 2023 AMI 2023.2.20231030.1 x86_64 HVM kernel-6.1",
            "ena_support": true,
            "executable_users": null,
            "filter": [
              {
                "name": "name",
                "values": [
                  "al2023-ami-2023.2.*-x86_64"
                ]
              }
            ],
            "hypervisor": "xen",
            "id": "ami-05c13eab67c5d8861",
            "image_id": "ami-05c13eab67c5d8861",
            "image_location": "amazon/al2023-ami-2023.2.20231030.1-kernel-6.1-x86_64",
            "image_owner_alias": "amazon",
            "image_type": "machine",
            "imds_support": "v2.0",
            "include_deprecated": false,
            "kernel_id": "",
            "most_recent": true,
            "name": "al2023-ami-2023.2.20231030.1-kernel-6.1-x86_64",
            "name_regex": null,
            "owner_id": "137112412989",
            "owners": [
              "amazon"
            ],
            "platform": "",
            "platform_details": "Linux/UNIX",
            "product_codes": [],
            "public": true,
            "ramdisk_id": "",
            "root_device_name": "/dev/xvda",
            "root_device_type": "ebs",
            "root_snapshot_id": "snap-05a6245e68e6545b5",
            "sriov_net_support": "simple",
            "state": "available",
            "state_reason": {
              "code": "UNSET",
              "message": "UNSET"
            },
            "tags": {},
            "timeouts": null,
            "tpm_support": "",
            "usage_operation": "RunInstances",
            "virtualization_type": "hvm"
          },
          "sensitive_attributes": []
        }
      ]
    },
    {
      "mode": "data",
      "type": "aws_availability_zones",
      "name": "all_azs",
      "provider": "provider[\"registry.terraform.io/hashicorp/aws\"]",
      "instances": [
        {
          "schema_version": 0,
          "attributes": {
            "all_availability_zones": null,
            "exclude_names": null,
            "exclude_zone_ids": null,
            "filter": null,
            "group_names": [
              "us-east-1"
            ],
            "id": "us-east-1",
            "names": [
              "us-east-1a",
              "us-east-1b",
              "us-east-1c",
              "us-east-1d",
              "us-east-1e",
              "us-east-1f"
            ],
            "state": "available",
            "timeouts": null,
            "zone_ids": [
              "use1-az2",
              "use1-az4",
              "use1-az6",
              "use1-az1",
              "use1-az3",
              "use1-az5"
            ]
          },
          "sensitive_attributes": []
        }
      ]
    },
    {
      "mode": "managed",
      "type": "aws_iam_instance_profile",
      "name": "veru-ssm-role",
      "provider": "provider[\"registry.terraform.io/hashicorp/aws\"]",
      "instances": [
        {
          "schema_version": 0,
          "attributes": {
            "arn": "arn:aws:iam::614595622219:instance-profile/veru-ssm-role",
            "create_date": "2023-11-07T12:18:23Z",
            "id": "veru-ssm-role",
            "name": "veru-ssm-role",
            "name_prefix": "",
            "path": "/",
            "role": "veru-ssm-role",
            "tags": {},
            "tags_all": {},
            "unique_id": "AIPAY6GGA6VFQ7VHE23GL"
          },
          "sensitive_attributes": [],
          "private": "eyJzY2hlbWFfdmVyc2lvbiI6IjAifQ=="
        }
      ]
    },
    {
      "mode": "managed",
      "type": "aws_launch_template",
      "name": "ec2_launch_template",
      "provider": "provider[\"registry.terraform.io/hashicorp/aws\"]",
      "instances": [
        {
          "schema_version": 0,
          "attributes": {
            "arn": "arn:aws:ec2:us-east-1:614595622219:launch-template/lt-0ea23a9f06bb08b2e",
            "block_device_mappings": [],
            "capacity_reservation_specification": [],
            "cpu_options": [],
            "credit_specification": [],
            "default_version": 1,
            "description": "Launch Template for GitHub Runners EC2 AutoScaling Group",
            "disable_api_stop": false,
            "disable_api_termination": false,
            "ebs_optimized": "",
            "elastic_gpu_specifications": [],
            "elastic_inference_accelerator": [],
            "enclave_options": [],
            "hibernation_options": [],
            "iam_instance_profile": [
              {
                "arn": "",
                "name": "veru-ssm-role"
              }
            ],
            "id": "lt-0ea23a9f06bb08b2e",
            "image_id": "ami-01bc990364452ab3e",
            "instance_initiated_shutdown_behavior": "",
            "instance_market_options": [],
            "instance_requirements": [],
            "instance_type": "t2.micro",
            "kernel_id": "",
            "key_name": "",
            "latest_version": 2,
            "license_specification": [],
            "maintenance_options": [],
            "metadata_options": [],
            "monitoring": [],
            "name": "github_runner_launch_template",
            "name_prefix": "",
            "network_interfaces": [],
            "placement": [],
            "private_dns_name_options": [],
            "ram_disk_id": "",
            "security_group_names": [],
            "tag_specifications": [],
            "tags": {
              "Name": "github_runner"
            },
            "tags_all": {
              "Name": "github_runner"
            },
            "update_default_version": null,
            "user_data": "IyEvYmluL2Jhc2gKCiMgSW5zYWxsIHByZS1yZXF1aXNpdGUKeXVtIHVwZGF0ZSAteQpzdWRvIHl1bSBpbnN0YWxsIC15IGxpYmljdQoKIyBJbnN0YWxsIFRlcnJhZm9ybQp5dW0gaW5zdGFsbCAteSB5dW0tdXRpbHMgc2hhZG93LXV0aWxzCnl1bS1jb25maWctbWFuYWdlciAtLWFkZC1yZXBvIGh0dHBzOi8vcnBtLnJlbGVhc2VzLmhhc2hpY29ycC5jb20vQW1hem9uTGludXgvaGFzaGljb3JwLnJlcG8KeXVtIC15IGluc3RhbGwgdGVycmFmb3JtCgoKCiMgSW5zdGFsbCBnaXRodWIgcnVubmVyIGFwcGxpY2F0aW9uCnN1ZG8gLXUgZWMyLXVzZXIgbWtkaXIgL2hvbWUvZWMyLXVzZXIvYWN0aW9ucy1ydW5uZXIKc3VkbyAtdSBlYzItdXNlciBjdXJsIC1vIC9ob21lL2VjMi11c2VyL2FjdGlvbnMtcnVubmVyL2FjdGlvbnMtcnVubmVyLWxpbnV4LXg2NC0yLjMxMS4wLnRhci5neiAtTCBodHRwczovL2dpdGh1Yi5jb20vYWN0aW9ucy9ydW5uZXIvcmVsZWFzZXMvZG93bmxvYWQvdjIuMzExLjAvYWN0aW9ucy1ydW5uZXItbGludXgteDY0LTIuMzExLjAudGFyLmd6CnN1ZG8gLXUgZWMyLXVzZXIgdGFyIHh6ZiAvaG9tZS9lYzItdXNlci9hY3Rpb25zLXJ1bm5lci9hY3Rpb25zLXJ1bm5lci1saW51eC14NjQtMi4zMTEuMC50YXIuZ3ogLUMgL2hvbWUvZWMyLXVzZXIvYWN0aW9ucy1ydW5uZXIKRUMyX0lOU1RBTkNFX0lEPSQod2dldCAtcSAtTyAtIGh0dHA6Ly8xNjkuMjU0LjE2OS4yNTQvbGF0ZXN0L21ldGEtZGF0YS9pbnN0YW5jZS1pZCkKc3VkbyAtdSBlYzItdXNlciBiYXNoIC1jICJjZCAvaG9tZS9lYzItdXNlci9hY3Rpb25zLXJ1bm5lci87IC4vY29uZmlnLnNoIC0tdXJsIGh0dHBzOi8vZ2l0aHViLmNvbS80MDEwODIxNy9naXQtcnVubmVyLWNvZGVjb21taXQuZ2l0IC0tdG9rZW4gQU9ENE1EUU5UNVhISkE0NlM3WEJGMjNGSklVV0cgLS1uYW1lICJ2ZXJ1X3J1bm5lci0ke0VDMl9JTlNUQU5DRV9JRH0iIC0td29yayBfd29yayAtLWxhYmVscyBsYWJlbDEsbGFiZWwyLGxhYmVsMyAtLXJ1bmFzc2VydmljZSIKCgpjZCAvaG9tZS9lYzItdXNlci9hY3Rpb25zLXJ1bm5lci8gJiYgLi9zdmMuc2ggaW5zdGFsbCAmJiAuL3N2Yy5zaCBzdGFydAoKCgoKCg==",
            "vpc_security_group_ids": []
          },
          "sensitive_attributes": [],
          "private": "bnVsbA=="
        }
      ]
    }
  ],
  "check_results": null
}
